
Microsoft Visual Studio Solution File, Format Version 12.00
# Visual Studio Version 17
VisualStudioVersion = 17.11.35327.3
MinimumVisualStudioVersion = 10.0.40219.1
Project("{9A19103F-16F7-4668-BE54-9A1E7A4F7556}") = "Lab3_ClientCsharp", "Lab3_ClientCsharp.csproj", "{BC2B11B7-41FD-41E7-ADFC-8878DACFED64}"
EndProject
Global
	GlobalSection(SolutionConfigurationPlatforms) = preSolution
		Debug|Any CPU = Debug|Any CPU
		Release|Any CPU = Release|Any CPU
	EndGlobalSection
	GlobalSection(ProjectConfigurationPlatforms) = postSolution
		{BC2B11B7-41FD-41E7-ADFC-8878DACFED64}.Debug|Any CPU.ActiveCfg = Debug|Any CPU
		{BC2B11B7-41FD-41E7-ADFC-8878DACFED64}.Debug|Any CPU.Build.0 = Debug|Any CPU
		{BC2B11B7-41FD-41E7-ADFC-8878DACFED64}.Release|Any CPU.ActiveCfg = Release|Any CPU
		{BC2B11B7-41FD-41E7-ADFC-8878DACFED64}.Release|Any CPU.Build.0 = Release|Any CPU
	EndGlobalSection
	GlobalSection(SolutionProperties) = preSolution
		HideSolutionNode = FALSE
	EndGlobalSection
	GlobalSection(ExtensibilityGlobals) = postSolution
		SolutionGuid = {6C7640E7-3537-47DE-847F-D142F530B9CF}
	EndGlobalSection
EndGlobal
